// !$*UTF8*$!
{
	archiveVersion = 1;
	classes = {
	};
	objectVersion = 77;
	objects = {

/* Begin PBXBuildFile section */
		623BFDC52F8008FF005C83AD /* BloomApp.swift in Sources */ = {isa = PBXBuildFile; fileRef = 623BFDC22F8008FF005C83AD /* BloomApp.swift */; };
		623BFDC72F8008FF005C83AD /* Preview Assets.xcassets in Resources */ = {isa = PBXBuildFile; fileRef = 623BFDBF2F8008FF005C83AD /* Preview Assets.xcassets */; };
		623BFDC82F8008FF005C83AD /* Assets.xcassets in Resources */ = {isa = PBXBuildFile; fileRef = 623BFDC12F8008FF005C83AD /* Assets.xcassets */; };
		623BFDCF2F8009DC005C83AD /* HomeView.swift in Sources */ = {isa = PBXBuildFile; fileRef = 623BFDCE2F8009DA005C83AD /* HomeView.swift */; };
		623BFDD12F8009EF005C83AD /* CalendarView.swift in Sources */ = {isa = PBXBuildFile; fileRef = 623BFDD02F8009EB005C83AD /* CalendarView.swift */; };
		623BFDD32F8009F8005C83AD /* JournalView.swift in Sources */ = {isa = PBXBuildFile; fileRef = 623BFDD22F8009F5005C83AD /* JournalView.swift */; };
		623BFDD52F800A01005C83AD /* AnalysisView.swift in Sources */ = {isa = PBXBuildFile; fileRef = 623BFDD42F8009FD005C83AD /* AnalysisView.swift */; };
		623BFDD72F800A0A005C83AD /* ProfileView.swift in Sources */ = {isa = PBXBuildFile; fileRef = 623BFDD62F800A06005C83AD /* ProfileView.swift */; };
		623BFDD92F800B38005C83AD /* MainTabView.swift in Sources */ = {isa = PBXBuildFile; fileRef = 623BFDD82F800B37005C83AD /* MainTabView.swift */; };
		623BFDE12F8058F9005C83AD /* CustomNavbar.swift in Sources */ = {isa = PBXBuildFile; fileRef = 623BFDE02F8058F4005C83AD /* CustomNavbar.swift */; };
		623BFDE32F805F4D005C83AD /* MoodEntry.swift in Sources */ = {isa = PBXBuildFile; fileRef = 623BFDE22F805F45005C83AD /* MoodEntry.swift */; };
		623BFDE52F805F6F005C83AD /* MoodViewModel.swift in Sources */ = {isa = PBXBuildFile; fileRef = 623BFDE42F805F65005C83AD /* MoodViewModel.swift */; };
		623BFDF42F874A2E005C83AD /* GoogleService-Info.plist in Resources */ = {isa = PBXBuildFile; fileRef = 623BFDF32F874A2E005C83AD /* GoogleService-Info.plist */; };
		623BFDF72F874BAE005C83AD /* FirebaseAuth in Frameworks */ = {isa = PBXBuildFile; productRef = 623BFDF62F874BAE005C83AD /* FirebaseAuth */; };
		623BFDF92F874BAE005C83AD /* FirebaseFirestore in Frameworks */ = {isa = PBXBuildFile; productRef = 623BFDF82F874BAE005C83AD /* FirebaseFirestore */; };
		623BFDFD2F8755C2005C83AD /* AuthManager.swift in Sources */ = {isa = PBXBuildFile; fileRef = 623BFDFC2F8755C1005C83AD /* AuthManager.swift */; };
		623BFE002F8755EB005C83AD /* LoginView.swift in Sources */ = {isa = PBXBuildFile; fileRef = 623BFDFF2F8755EB005C83AD /* LoginView.swift */; };
		62CA94432F8A0CA900B56479 /* JournalViewModel.swift in Sources */ = {isa = PBXBuildFile; fileRef = 62CA94422F8A0C9D00B56479 /* JournalViewModel.swift */; };
		62CA94532F9252F800B56479 /* LLMService.swift in Sources */ = {isa = PBXBuildFile; fileRef = 62CA94522F9252F000B56479 /* LLMService.swift */; };
		62CA94552F9256AC00B56479 /* Secrets.xcconfig in Resources */ = {isa = PBXBuildFile; fileRef = 62CA94542F9256A700B56479 /* Secrets.xcconfig */; };
		62CA94622F92768B00B56479 /* .gitignore in Resources */ = {isa = PBXBuildFile; fileRef = 62CA94612F92768600B56479 /* .gitignore */; };
		62CA94732F93762700B56479 /* EditProfileView.swift in Sources */ = {isa = PBXBuildFile; fileRef = 62CA94722F93762300B56479 /* EditProfileView.swift */; };
/* End PBXBuildFile section */

/* Begin PBXContainerItemProxy section */
		623BFD802F8004AA005C83AD /* PBXContainerItemProxy */ = {
			isa = PBXContainerItemProxy;
			containerPortal = 623BFD672F8004A9005C83AD /* Project object */;
			proxyType = 1;
			remoteGlobalIDString = 623BFD6E2F8004A9005C83AD;
			remoteInfo = Bloom;
		};
		623BFD8A2F8004AA005C83AD /* PBXContainerItemProxy */ = {
			isa = PBXContainerItemProxy;
			containerPortal = 623BFD672F8004A9005C83AD /* Project object */;
			proxyType = 1;
			remoteGlobalIDString = 623BFD6E2F8004A9005C83AD;
			remoteInfo = Bloom;
		};
/* End PBXContainerItemProxy section */

/* Begin PBXFileReference section */
		623BFD6F2F8004A9005C83AD /* Bloom.app */ = {isa = PBXFileReference; explicitFileType = wrapper.application; includeInIndex = 0; path = Bloom.app; sourceTree = BUILT_PRODUCTS_DIR; };
		623BFD7F2F8004AA005C83AD /* BloomTests.xctest */ = {isa = PBXFileReference; explicitFileType = wrapper.cfbundle; includeInIndex = 0; path = BloomTests.xctest; sourceTree = BUILT_PRODUCTS_DIR; };
		623BFD892F8004AA005C83AD /* BloomUITests.xctest */ = {isa = PBXFileReference; explicitFileType = wrapper.cfbundle; includeInIndex = 0; path = BloomUITests.xctest; sourceTree = BUILT_PRODUCTS_DIR; };
		623BFDBF2F8008FF005C83AD /* Preview Assets.xcassets */ = {isa = PBXFileReference; lastKnownFileType = folder.assetcatalog; path = "Preview Assets.xcassets"; sourceTree = "<group>"; };
		623BFDC12F8008FF005C83AD /* Assets.xcassets */ = {isa = PBXFileReference; lastKnownFileType = folder.assetcatalog; path = Assets.xcassets; sourceTree = "<group>"; };
		623BFDC22F8008FF005C83AD /* BloomApp.swift */ = {isa = PBXFileReference; lastKnownFileType = sourcecode.swift; path = BloomApp.swift; sourceTree = "<group>"; };
		623BFDCE2F8009DA005C83AD /* HomeView.swift */ = {isa = PBXFileReference; lastKnownFileType = sourcecode.swift; path = HomeView.swift; sourceTree = "<group>"; };
		623BFDD02F8009EB005C83AD /* CalendarView.swift */ = {isa = PBXFileReference; lastKnownFileType = sourcecode.swift; path = CalendarView.swift; sourceTree = "<group>"; };
		623BFDD22F8009F5005C83AD /* JournalView.swift */ = {isa = PBXFileReference; lastKnownFileType = sourcecode.swift; path = JournalView.swift; sourceTree = "<group>"; };
		623BFDD42F8009FD005C83AD /* AnalysisView.swift */ = {isa = PBXFileReference; lastKnownFileType = sourcecode.swift; path = AnalysisView.swift; sourceTree = "<group>"; };
		623BFDD62F800A06005C83AD /* ProfileView.swift */ = {isa = PBXFileReference; lastKnownFileType = sourcecode.swift; path = ProfileView.swift; sourceTree = "<group>"; };
		623BFDD82F800B37005C83AD /* MainTabView.swift */ = {isa = PBXFileReference; lastKnownFileType = sourcecode.swift; path = MainTabView.swift; sourceTree = "<group>"; };
		623BFDE02F8058F4005C83AD /* CustomNavbar.swift */ = {isa = PBXFileReference; lastKnownFileType = sourcecode.swift; path = CustomNavbar.swift; sourceTree = "<group>"; };
		623BFDE22F805F45005C83AD /* MoodEntry.swift */ = {isa = PBXFileReference; lastKnownFileType = sourcecode.swift; path = MoodEntry.swift; sourceTree = "<group>"; };
		623BFDE42F805F65005C83AD /* MoodViewModel.swift */ = {isa = PBXFileReference; lastKnownFileType = sourcecode.swift; path = MoodViewModel.swift; sourceTree = "<group>"; };
		623BFDEC2F80610C005C83AD /* Bloom.entitlements */ = {isa = PBXFileReference; lastKnownFileType = text.plist.entitlements; path = Bloom.entitlements; sourceTree = "<group>"; };
		623BFDF32F874A2E005C83AD /* GoogleService-Info.plist */ = {isa = PBXFileReference; lastKnownFileType = text.plist.xml; path = "GoogleService-Info.plist"; sourceTree = "<group>"; };
		623BFDFC2F8755C1005C83AD /* AuthManager.swift */ = {isa = PBXFileReference; lastKnownFileType = sourcecode.swift; path = AuthManager.swift; sourceTree = "<group>"; };
		623BFDFF2F8755EB005C83AD /* LoginView.swift */ = {isa = PBXFileReference; lastKnownFileType = sourcecode.swift; path = LoginView.swift; sourceTree = "<group>"; };
		62CA94422F8A0C9D00B56479 /* JournalViewModel.swift */ = {isa = PBXFileReference; lastKnownFileType = sourcecode.swift; path = JournalViewModel.swift; sourceTree = "<group>"; };
		62CA94522F9252F000B56479 /* LLMService.swift */ = {isa = PBXFileReference; lastKnownFileType = sourcecode.swift; path = LLMService.swift; sourceTree = "<group>"; };
		62CA94542F9256A700B56479 /* Secrets.xcconfig */ = {isa = PBXFileReference; lastKnownFileType = text.xcconfig; path = Secrets.xcconfig; sourceTree = "<group>"; };
		62CA94582F92586F00B56479 /* Info.plist */ = {isa = PBXFileReference; lastKnownFileType = text.plist; path = Info.plist; sourceTree = "<group>"; };
		62CA94612F92768600B56479 /* .gitignore */ = {isa = PBXFileReference; lastKnownFileType = text; path = .gitignore; sourceTree = "<group>"; };
		62CA94722F93762300B56479 /* EditProfileView.swift */ = {isa = PBXFileReference; lastKnownFileType = sourcecode.swift; path = EditProfileView.swift; sourceTree = "<group>"; };
/* End PBXFileReference section */

/* Begin PBXFileSystemSynchronizedRootGroup section */
		623BFD822F8004AA005C83AD /* BloomTests */ = {
			isa = PBXFileSystemSynchronizedRootGroup;
			path = BloomTests;
			sourceTree = "<group>";
		};
		623BFD8C2F8004AA005C83AD /* BloomUITests */ = {
			isa = PBXFileSystemSynchronizedRootGroup;
			path = BloomUITests;
			sourceTree = "<group>";
		};
/* End PBXFileSystemSynchronizedRootGroup section */

/* Begin PBXFrameworksBuildPhase section */
		623BFD6C2F8004A9005C83AD /* Frameworks */ = {
			isa = PBXFrameworksBuildPhase;
			buildActionMask = 2147483647;
			files = (
				623BFDF72F874BAE005C83AD /* FirebaseAuth in Frameworks */,
				623BFDF92F874BAE005C83AD /* FirebaseFirestore in Frameworks */,
			);
			runOnlyForDeploymentPostprocessing = 0;
		};
		623BFD7C2F8004AA005C83AD /* Frameworks */ = {
			isa = PBXFrameworksBuildPhase;
			buildActionMask = 2147483647;
			files = (
			);
			runOnlyForDeploymentPostprocessing = 0;
		};
		623BFD862F8004AA005C83AD /* Frameworks */ = {
			isa = PBXFrameworksBuildPhase;
			buildActionMask = 2147483647;
			files = (
			);
			runOnlyForDeploymentPostprocessing = 0;
		};
/* End PBXFrameworksBuildPhase section */

/* Begin PBXGroup section */
		623BFD662F8004A8005C83AD = {
			isa = PBXGroup;
			children = (
				623BFDC42F8008FF005C83AD /* Bloom */,
				623BFD822F8004AA005C83AD /* BloomTests */,
				623BFD8C2F8004AA005C83AD /* BloomUITests */,
				623BFD702F8004A9005C83AD /* Products */,
			);
			sourceTree = "<group>";
		};
		623BFD702F8004A9005C83AD /* Products */ = {
			isa = PBXGroup;
			children = (
				623BFD6F2F8004A9005C83AD /* Bloom.app */,
				623BFD7F2F8004AA005C83AD /* BloomTests.xctest */,
				623BFD892F8004AA005C83AD /* BloomUITests.xctest */,
			);
			name = Products;
			sourceTree = "<group>";
		};
		623BFDC02F8008FF005C83AD /* Preview Content */ = {
			isa = PBXGroup;
			children = (
				623BFDBF2F8008FF005C83AD /* Preview Assets.xcassets */,
			);
			path = "Preview Content";
			sourceTree = "<group>";
		};
		623BFDC42F8008FF005C83AD /* Bloom */ = {
			isa = PBXGroup;
			children = (
				62CA94612F92768600B56479 /* .gitignore */,
				62CA94582F92586F00B56479 /* Info.plist */,
				62CA94542F9256A700B56479 /* Secrets.xcconfig */,
				623BFDEC2F80610C005C83AD /* Bloom.entitlements */,
				623BFDC92F800905005C83AD /* Models */,
				623BFDCA2F800969005C83AD /* ViewsModels */,
				623BFDCB2F800974005C83AD /* Views */,
				623BFDCC2F80097F005C83AD /* Services */,
				623BFDCD2F8009A3005C83AD /* Resources */,
				623BFDC02F8008FF005C83AD /* Preview Content */,
				623BFDC12F8008FF005C83AD /* Assets.xcassets */,
				623BFDC22F8008FF005C83AD /* BloomApp.swift */,
				623BFDF32F874A2E005C83AD /* GoogleService-Info.plist */,
			);
			path = Bloom;
			sourceTree = "<group>";
		};
		623BFDC92F800905005C83AD /* Models */ = {
			isa = PBXGroup;
			children = (
				623BFDE22F805F45005C83AD /* MoodEntry.swift */,
			);
			path = Models;
			sourceTree = "<group>";
		};
		623BFDCA2F800969005C83AD /* ViewsModels */ = {
			isa = PBXGroup;
			children = (
				62CA94422F8A0C9D00B56479 /* JournalViewModel.swift */,
				623BFDE42F805F65005C83AD /* MoodViewModel.swift */,
			);
			path = ViewsModels;
			sourceTree = "<group>";
		};
		623BFDCB2F800974005C83AD /* Views */ = {
			isa = PBXGroup;
			children = (
				62CA94722F93762300B56479 /* EditProfileView.swift */,
				623BFDFF2F8755EB005C83AD /* LoginView.swift */,
				623BFDE02F8058F4005C83AD /* CustomNavbar.swift */,
				623BFDD82F800B37005C83AD /* MainTabView.swift */,
				623BFDCE2F8009DA005C83AD /* HomeView.swift */,
				623BFDD02F8009EB005C83AD /* CalendarView.swift */,
				623BFDD22F8009F5005C83AD /* JournalView.swift */,
				623BFDD42F8009FD005C83AD /* AnalysisView.swift */,
				623BFDD62F800A06005C83AD /* ProfileView.swift */,
			);
			path = Views;
			sourceTree = "<group>";
		};
		623BFDCC2F80097F005C83AD /* Services */ = {
			isa = PBXGroup;
			children = (
				62CA94522F9252F000B56479 /* LLMService.swift */,
				623BFDFC2F8755C1005C83AD /* AuthManager.swift */,
			);
			path = Services;
			sourceTree = "<group>";
		};
		623BFDCD2F8009A3005C83AD /* Resources */ = {
			isa = PBXGroup;
			children = (
			);
			path = Resources;
			sourceTree = "<group>";
		};
/* End PBXGroup section */

/* Begin PBXNativeTarget section */
		623BFD6E2F8004A9005C83AD /* Bloom */ = {
			isa = PBXNativeTarget;
			buildConfigurationList = 623BFD932F8004AA005C83AD /* Build configuration list for PBXNativeTarget "Bloom" */;
			buildPhases = (
				623BFD6B2F8004A9005C83AD /* Sources */,
				623BFD6C2F8004A9005C83AD /* Frameworks */,
				623BFD6D2F8004A9005C83AD /* Resources */,
			);
			buildRules = (
			);
			dependencies = (
			);
			name = Bloom;
			packageProductDependencies = (
				623BFDF62F874BAE005C83AD /* FirebaseAuth */,
				623BFDF82F874BAE005C83AD /* FirebaseFirestore */,
			);
			productName = Bloom;
			productReference = 623BFD6F2F8004A9005C83AD /* Bloom.app */;
			productType = "com.apple.product-type.application";
		};
		623BFD7E2F8004AA005C83AD /* BloomTests */ = {
			isa = PBXNativeTarget;
			buildConfigurationList = 623BFD962F8004AA005C83AD /* Build configuration list for PBXNativeTarget "BloomTests" */;
			buildPhases = (
				623BFD7B2F8004AA005C83AD /* Sources */,
				623BFD7C2F8004AA005C83AD /* Frameworks */,
				623BFD7D2F8004AA005C83AD /* Resources */,
			);
			buildRules = (
			);
			dependencies = (
				623BFD812F8004AA005C83AD /* PBXTargetDependency */,
			);
			fileSystemSynchronizedGroups = (
				623BFD822F8004AA005C83AD /* BloomTests */,
			);
			name = BloomTests;
			packageProductDependencies = (
			);
			productName = BloomTests;
			productReference = 623BFD7F2F8004AA005C83AD /* BloomTests.xctest */;
			productType = "com.apple.product-type.bundle.unit-test";
		};
		623BFD882F8004AA005C83AD /* BloomUITests */ = {
			isa = PBXNativeTarget;
			buildConfigurationList = 623BFD992F8004AA005C83AD /* Build configuration list for PBXNativeTarget "BloomUITests" */;
			buildPhases = (
				623BFD852F8004AA005C83AD /* Sources */,
				623BFD862F8004AA005C83AD /* Frameworks */,
				623BFD872F8004AA005C83AD /* Resources */,
			);
			buildRules = (
			);
			dependencies = (
				623BFD8B2F8004AA005C83AD /* PBXTargetDependency */,
			);
			fileSystemSynchronizedGroups = (
				623BFD8C2F8004AA005C83AD /* BloomUITests */,
			);
			name = BloomUITests;
			packageProductDependencies = (
			);
			productName = BloomUITests;
			productReference = 623BFD892F8004AA005C83AD /* BloomUITests.xctest */;
			productType = "com.apple.product-type.bundle.ui-testing";
		};
/* End PBXNativeTarget section */

/* Begin PBXProject section */
		623BFD672F8004A9005C83AD /* Project object */ = {
			isa = PBXProject;
			attributes = {
				BuildIndependentTargetsInParallel = 1;
				LastSwiftUpdateCheck = 1600;
				LastUpgradeCheck = 1600;
				TargetAttributes = {
					623BFD6E2F8004A9005C83AD = {
						CreatedOnToolsVersion = 16.0;
					};
					623BFD7E2F8004AA005C83AD = {
						CreatedOnToolsVersion = 16.0;
						TestTargetID = 623BFD6E2F8004A9005C83AD;
					};
					623BFD882F8004AA005C83AD = {
						CreatedOnToolsVersion = 16.0;
						TestTargetID = 623BFD6E2F8004A9005C83AD;
					};
				};
			};
			buildConfigurationList = 623BFD6A2F8004A9005C83AD /* Build configuration list for PBXProject "Bloom" */;
			developmentRegion = en;
			hasScannedForEncodings = 0;
			knownRegions = (
				en,
				Base,
			);
			mainGroup = 623BFD662F8004A8005C83AD;
			minimizedProjectReferenceProxies = 1;
			packageReferences = (
				623BFDF52F874BAE005C83AD /* XCRemoteSwiftPackageReference "firebase-ios-sdk" */,
			);
			preferredProjectObjectVersion = 77;
			productRefGroup = 623BFD702F8004A9005C83AD /* Products */;
			projectDirPath = "";
			projectRoot = "";
			targets = (
				623BFD6E2F8004A9005C83AD /* Bloom */,
				623BFD7E2F8004AA005C83AD /* BloomTests */,
				623BFD882F8004AA005C83AD /* BloomUITests */,
			);
		};
/* End PBXProject section */

/* Begin PBXResourcesBuildPhase section */
		623BFD6D2F8004A9005C83AD /* Resources */ = {
			isa = PBXResourcesBuildPhase;
			buildActionMask = 2147483647;
			files = (
				62CA94622F92768B00B56479 /* .gitignore in Resources */,
				62CA94552F9256AC00B56479 /* Secrets.xcconfig in Resources */,
				623BFDC72F8008FF005C83AD /* Preview Assets.xcassets in Resources */,
				623BFDC82F8008FF005C83AD /* Assets.xcassets in Resources */,
				623BFDF42F874A2E005C83AD /* GoogleService-Info.plist in Resources */,
			);
			runOnlyForDeploymentPostprocessing = 0;
		};
		623BFD7D2F8004AA005C83AD /* Resources */ = {
			isa = PBXResourcesBuildPhase;
			buildActionMask = 2147483647;
			files = (
			);
			runOnlyForDeploymentPostprocessing = 0;
		};
		623BFD872F8004AA005C83AD /* Resources */ = {
			isa = PBXResourcesBuildPhase;
			buildActionMask = 2147483647;
			files = (
			);
			runOnlyForDeploymentPostprocessing = 0;
		};
/* End PBXResourcesBuildPhase section */

/* Begin PBXSourcesBuildPhase section */
		623BFD6B2F8004A9005C83AD /* Sources */ = {
			isa = PBXSourcesBuildPhase;
			buildActionMask = 2147483647;
			files = (
				62CA94732F93762700B56479 /* EditProfileView.swift in Sources */,
				62CA94432F8A0CA900B56479 /* JournalViewModel.swift in Sources */,
				623BFDC52F8008FF005C83AD /* BloomApp.swift in Sources */,
				623BFDD52F800A01005C83AD /* AnalysisView.swift in Sources */,
				623BFDE12F8058F9005C83AD /* CustomNavbar.swift in Sources */,
				623BFDD32F8009F8005C83AD /* JournalView.swift in Sources */,
				623BFDD92F800B38005C83AD /* MainTabView.swift in Sources */,
				623BFDE32F805F4D005C83AD /* MoodEntry.swift in Sources */,
				623BFE002F8755EB005C83AD /* LoginView.swift in Sources */,
				623BFDD72F800A0A005C83AD /* ProfileView.swift in Sources */,
				623BFDCF2F8009DC005C83AD /* HomeView.swift in Sources */,
				623BFDFD2F8755C2005C83AD /* AuthManager.swift in Sources */,
				623BFDD12F8009EF005C83AD /* CalendarView.swift in Sources */,
				623BFDE52F805F6F005C83AD /* MoodViewModel.swift in Sources */,
				62CA94532F9252F800B56479 /* LLMService.swift in Sources */,
			);
			runOnlyForDeploymentPostprocessing = 0;
		};
		623BFD7B2F8004AA005C83AD /* Sources */ = {
			isa = PBXSourcesBuildPhase;
			buildActionMask = 2147483647;
			files = (
			);
			runOnlyForDeploymentPostprocessing = 0;
		};
		623BFD852F8004AA005C83AD /* Sources */ = {
			isa = PBXSourcesBuildPhase;
			buildActionMask = 2147483647;
			files = (
			);
			runOnlyForDeploymentPostprocessing = 0;
		};
/* End PBXSourcesBuildPhase section */

/* Begin PBXTargetDependency section */
		623BFD812F8004AA005C83AD /* PBXTargetDependency */ = {
			isa = PBXTargetDependency;
			target = 623BFD6E2F8004A9005C83AD /* Bloom */;
			targetProxy = 623BFD802F8004AA005C83AD /* PBXContainerItemProxy */;
		};
		623BFD8B2F8004AA005C83AD /* PBXTargetDependency */ = {
			isa = PBXTargetDependency;
			target = 623BFD6E2F8004A9005C83AD /* Bloom */;
			targetProxy = 623BFD8A2F8004AA005C83AD /* PBXContainerItemProxy */;
		};
/* End PBXTargetDependency section */

/* Begin XCBuildConfiguration section */
		623BFD912F8004AA005C83AD /* Debug */ = {
			isa = XCBuildConfiguration;
			baseConfigurationReference = 62CA94542F9256A700B56479 /* Secrets.xcconfig */;
			buildSettings = {
				ALWAYS_SEARCH_USER_PATHS = NO;
				ASSETCATALOG_COMPILER_GENERATE_SWIFT_ASSET_SYMBOL_EXTENSIONS = YES;
				CLANG_ANALYZER_NONNULL = YES;
				CLANG_ANALYZER_NUMBER_OBJECT_CONVERSION = YES_AGGRESSIVE;
				CLANG_CXX_LANGUAGE_STANDARD = "gnu++20";
				CLANG_ENABLE_MODULES = YES;
				CLANG_ENABLE_OBJC_ARC = YES;
				CLANG_ENABLE_OBJC_WEAK = YES;
				CLANG_WARN_BLOCK_CAPTURE_AUTORELEASING = YES;
				CLANG_WARN_BOOL_CONVERSION = YES;
				CLANG_WARN_COMMA = YES;
				CLANG_WARN_CONSTANT_CONVERSION = YES;
				CLANG_WARN_DEPRECATED_OBJC_IMPLEMENTATIONS = YES;
				CLANG_WARN_DIRECT_OBJC_ISA_USAGE = YES_ERROR;
				CLANG_WARN_DOCUMENTATION_COMMENTS = YES;
				CLANG_WARN_EMPTY_BODY = YES;
				CLANG_WARN_ENUM_CONVERSION = YES;
				CLANG_WARN_INFINITE_RECURSION = YES;
				CLANG_WARN_INT_CONVERSION = YES;
				CLANG_WARN_NON_LITERAL_NULL_CONVERSION = YES;
				CLANG_WARN_OBJC_IMPLICIT_RETAIN_SELF = YES;
				CLANG_WARN_OBJC_LITERAL_CONVERSION = YES;
				CLANG_WARN_OBJC_ROOT_CLASS = YES_ERROR;
				CLANG_WARN_QUOTED_INCLUDE_IN_FRAMEWORK_HEADER = YES;
				CLANG_WARN_RANGE_LOOP_ANALYSIS = YES;
				CLANG_WARN_STRICT_PROTOTYPES = YES;
				CLANG_WARN_SUSPICIOUS_MOVE = YES;
				CLANG_WARN_UNGUARDED_AVAILABILITY = YES_AGGRESSIVE;
				CLANG_WARN_UNREACHABLE_CODE = YES;
				CLANG_WARN__DUPLICATE_METHOD_MATCH = YES;
				COPY_PHASE_STRIP = NO;
				DEBUG_INFORMATION_FORMAT = dwarf;
				ENABLE_STRICT_OBJC_MSGSEND = YES;
				ENABLE_TESTABILITY = YES;
				ENABLE_USER_SCRIPT_SANDBOXING = YES;
				GCC_C_LANGUAGE_STANDARD = gnu17;
				GCC_DYNAMIC_NO_PIC = NO;
				GCC_NO_COMMON_BLOCKS = YES;
				GCC_OPTIMIZATION_LEVEL = 0;
				GCC_PREPROCESSOR_DEFINITIONS = (
					"DEBUG=1",
					"$(inherited)",
				);
				GCC_WARN_64_TO_32_BIT_CONVERSION = YES;
				GCC_WARN_ABOUT_RETURN_TYPE = YES_ERROR;
				GCC_WARN_UNDECLARED_SELECTOR = YES;
				GCC_WARN_UNINITIALIZED_AUTOS = YES_AGGRESSIVE;
				GCC_WARN_UNUSED_FUNCTION = YES;
				GCC_WARN_UNUSED_VARIABLE = YES;
				IPHONEOS_DEPLOYMENT_TARGET = 18.0;
				LOCALIZATION_PREFERS_STRING_CATALOGS = YES;
				MTL_ENABLE_DEBUG_INFO = INCLUDE_SOURCE;
				MTL_FAST_MATH = YES;
				ONLY_ACTIVE_ARCH = YES;
				SDKROOT = iphoneos;
				SWIFT_ACTIVE_COMPILATION_CONDITIONS = "DEBUG $(inherited)";
				SWIFT_OPTIMIZATION_LEVEL = "-Onone";
			};
			name = Debug;
		};
		623BFD922F8004AA005C83AD /* Release */ = {
			isa = XCBuildConfiguration;
			baseConfigurationReference = 62CA94542F9256A700B56479 /* Secrets.xcconfig */;
			buildSettings = {
				ALWAYS_SEARCH_USER_PATHS = NO;
				ASSETCATALOG_COMPILER_GENERATE_SWIFT_ASSET_SYMBOL_EXTENSIONS = YES;
				CLANG_ANALYZER_NONNULL = YES;
				CLANG_ANALYZER_NUMBER_OBJECT_CONVERSION = YES_AGGRESSIVE;
				CLANG_CXX_LANGUAGE_STANDARD = "gnu++20";
				CLANG_ENABLE_MODULES = YES;
				CLANG_ENABLE_OBJC_ARC = YES;
				CLANG_ENABLE_OBJC_WEAK = YES;
				CLANG_WARN_BLOCK_CAPTURE_AUTORELEASING = YES;
				CLANG_WARN_BOOL_CONVERSION = YES;
				CLANG_WARN_COMMA = YES;
				CLANG_WARN_CONSTANT_CONVERSION = YES;
				CLANG_WARN_DEPRECATED_OBJC_IMPLEMENTATIONS = YES;
				CLANG_WARN_DIRECT_OBJC_ISA_USAGE = YES_ERROR;
				CLANG_WARN_DOCUMENTATION_COMMENTS = YES;
				CLANG_WARN_EMPTY_BODY = YES;
				CLANG_WARN_ENUM_CONVERSION = YES;
				CLANG_WARN_INFINITE_RECURSION = YES;
				CLANG_WARN_INT_CONVERSION = YES;
				CLANG_WARN_NON_LITERAL_NULL_CONVERSION = YES;
				CLANG_WARN_OBJC_IMPLICIT_RETAIN_SELF = YES;
				CLANG_WARN_OBJC_LITERAL_CONVERSION = YES;
				CLANG_WARN_OBJC_ROOT_CLASS = YES_ERROR;
				CLANG_WARN_QUOTED_INCLUDE_IN_FRAMEWORK_HEADER = YES;
				CLANG_WARN_RANGE_LOOP_ANALYSIS = YES;
				CLANG_WARN_STRICT_PROTOTYPES = YES;
				CLANG_WARN_SUSPICIOUS_MOVE = YES;
				CLANG_WARN_UNGUARDED_AVAILABILITY = YES_AGGRESSIVE;
				CLANG_WARN_UNREACHABLE_CODE = YES;
				CLANG_WARN__DUPLICATE_METHOD_MATCH = YES;
				COPY_PHASE_STRIP = NO;
				DEBUG_INFORMATION_FORMAT = "dwarf-with-dsym";
				ENABLE_NS_ASSERTIONS = NO;
				ENABLE_STRICT_OBJC_MSGSEND = YES;
				ENABLE_USER_SCRIPT_SANDBOXING = YES;
				GCC_C_LANGUAGE_STANDARD = gnu17;
				GCC_NO_COMMON_BLOCKS = YES;
				GCC_WARN_64_TO_32_BIT_CONVERSION = YES;
				GCC_WARN_ABOUT_RETURN_TYPE = YES_ERROR;
				GCC_WARN_UNDECLARED_SELECTOR = YES;
				GCC_WARN_UNINITIALIZED_AUTOS = YES_AGGRESSIVE;
				GCC_WARN_UNUSED_FUNCTION = YES;
				GCC_WARN_UNUSED_VARIABLE = YES;
				IPHONEOS_DEPLOYMENT_TARGET = 18.0;
				LOCALIZATION_PREFERS_STRING_CATALOGS = YES;
				MTL_ENABLE_DEBUG_INFO = NO;
				MTL_FAST_MATH = YES;
				SDKROOT = iphoneos;
				SWIFT_COMPILATION_MODE = wholemodule;
				VALIDATE_PRODUCT = YES;
			};
			name = Release;
		};
		623BFD942F8004AA005C83AD /* Debug */ = {
			isa = XCBuildConfiguration;
			buildSettings = {
				ASSETCATALOG_COMPILER_APPICON_NAME = AppIcon;
				ASSETCATALOG_COMPILER_GLOBAL_ACCENT_COLOR_NAME = AccentColor;
				CODE_SIGN_ENTITLEMENTS = Bloom/Bloom.entitlements;
				CODE_SIGN_STYLE = Automatic;
				CURRENT_PROJECT_VERSION = 1;
				DEVELOPMENT_ASSET_PATHS = "\"Bloom/Preview Content\"";
				DEVELOPMENT_TEAM = JAU2HZU8A4;
				ENABLE_PREVIEWS = YES;
				GENERATE_INFOPLIST_FILE = YES;
				INFOPLIST_FILE = Bloom/Info.plist;
				INFOPLIST_KEY_CFBundleDisplayName = "";
				INFOPLIST_KEY_LSApplicationCategoryType = "";
				INFOPLIST_KEY_UIApplicationSceneManifest_Generation = YES;
				INFOPLIST_KEY_UIApplicationSupportsIndirectInputEvents = YES;
				INFOPLIST_KEY_UILaunchScreen_Generation = YES;
				INFOPLIST_KEY_UISupportedInterfaceOrientations_iPad = "UIInterfaceOrientationPortrait UIInterfaceOrientationPortraitUpsideDown UIInterfaceOrientationLandscapeLeft UIInterfaceOrientationLandscapeRight";
				INFOPLIST_KEY_UISupportedInterfaceOrientations_iPhone = "UIInterfaceOrientationPortrait UIInterfaceOrientationLandscapeLeft UIInterfaceOrientationLandscapeRight";
				LD_RUNPATH_SEARCH_PATHS = (
					"$(inherited)",
					"@executable_path/Frameworks",
				);
				MARKETING_VERSION = 1.0;
				PRODUCT_BUNDLE_IDENTIFIER = PT.Bloom;
				PRODUCT_NAME = "$(TARGET_NAME)";
				SWIFT_EMIT_LOC_STRINGS = YES;
				SWIFT_VERSION = 5.0;
				TARGETED_DEVICE_FAMILY = "1,2";
			};
			name = Debug;
		};
		623BFD952F8004AA005C83AD /* Release */ = {
			isa = XCBuildConfiguration;
			buildSettings = {
				ASSETCATALOG_COMPILER_APPICON_NAME = AppIcon;
				ASSETCATALOG_COMPILER_GLOBAL_ACCENT_COLOR_NAME = AccentColor;
				CODE_SIGN_ENTITLEMENTS = Bloom/Bloom.entitlements;
				CODE_SIGN_STYLE = Automatic;
				CURRENT_PROJECT_VERSION = 1;
				DEVELOPMENT_ASSET_PATHS = "\"Bloom/Preview Content\"";
				DEVELOPMENT_TEAM = JAU2HZU8A4;
				ENABLE_PREVIEWS = YES;
				GENERATE_INFOPLIST_FILE = YES;
				INFOPLIST_FILE = Bloom/Info.plist;
				INFOPLIST_KEY_CFBundleDisplayName = "";
				INFOPLIST_KEY_LSApplicationCategoryType = "";
				INFOPLIST_KEY_UIApplicationSceneManifest_Generation = YES;
				INFOPLIST_KEY_UIApplicationSupportsIndirectInputEvents = YES;
				INFOPLIST_KEY_UILaunchScreen_Generation = YES;
				INFOPLIST_KEY_UISupportedInterfaceOrientations_iPad = "UIInterfaceOrientationPortrait UIInterfaceOrientationPortraitUpsideDown UIInterfaceOrientationLandscapeLeft UIInterfaceOrientationLandscapeRight";
				INFOPLIST_KEY_UISupportedInterfaceOrientations_iPhone = "UIInterfaceOrientationPortrait UIInterfaceOrientationLandscapeLeft UIInterfaceOrientationLandscapeRight";
				LD_RUNPATH_SEARCH_PATHS = (
					"$(inherited)",
					"@executable_path/Frameworks",
				);
				MARKETING_VERSION = 1.0;
				PRODUCT_BUNDLE_IDENTIFIER = PT.Bloom;
				PRODUCT_NAME = "$(TARGET_NAME)";
				SWIFT_EMIT_LOC_STRINGS = YES;
				SWIFT_VERSION = 5.0;
				TARGETED_DEVICE_FAMILY = "1,2";
			};
			name = Release;
		};
		623BFD972F8004AA005C83AD /* Debug */ = {
			isa = XCBuildConfiguration;
			buildSettings = {
				BUNDLE_LOADER = "$(TEST_HOST)";
				CODE_SIGN_STYLE = Automatic;
				CURRENT_PROJECT_VERSION = 1;
				GENERATE_INFOPLIST_FILE = YES;
				IPHONEOS_DEPLOYMENT_TARGET = 18.0;
				MARKETING_VERSION = 1.0;
				PRODUCT_BUNDLE_IDENTIFIER = PT.BloomTests;
				PRODUCT_NAME = "$(TARGET_NAME)";
				SWIFT_EMIT_LOC_STRINGS = NO;
				SWIFT_VERSION = 5.0;
				TARGETED_DEVICE_FAMILY = "1,2";
				TEST_HOST = "$(BUILT_PRODUCTS_DIR)/Bloom.app/$(BUNDLE_EXECUTABLE_FOLDER_PATH)/Bloom";
			};
			name = Debug;
		};
		623BFD982F8004AA005C83AD /* Release */ = {
			isa = XCBuildConfiguration;
			buildSettings = {
				BUNDLE_LOADER = "$(TEST_HOST)";
				CODE_SIGN_STYLE = Automatic;
				CURRENT_PROJECT_VERSION = 1;
				GENERATE_INFOPLIST_FILE = YES;
				IPHONEOS_DEPLOYMENT_TARGET = 18.0;
				MARKETING_VERSION = 1.0;
				PRODUCT_BUNDLE_IDENTIFIER = PT.BloomTests;
				PRODUCT_NAME = "$(TARGET_NAME)";
				SWIFT_EMIT_LOC_STRINGS = NO;
				SWIFT_VERSION = 5.0;
				TARGETED_DEVICE_FAMILY = "1,2";
				TEST_HOST = "$(BUILT_PRODUCTS_DIR)/Bloom.app/$(BUNDLE_EXECUTABLE_FOLDER_PATH)/Bloom";
			};
			name = Release;
		};
		623BFD9A2F8004AA005C83AD /* Debug */ = {
			isa = XCBuildConfiguration;
			buildSettings = {
				CODE_SIGN_STYLE = Automatic;
				CURRENT_PROJECT_VERSION = 1;
				GENERATE_INFOPLIST_FILE = YES;
				MARKETING_VERSION = 1.0;
				PRODUCT_BUNDLE_IDENTIFIER = PT.BloomUITests;
				PRODUCT_NAME = "$(TARGET_NAME)";
				SWIFT_EMIT_LOC_STRINGS = NO;
				SWIFT_VERSION = 5.0;
				TARGETED_DEVICE_FAMILY = "1,2";
				TEST_TARGET_NAME = Bloom;
			};
			name = Debug;
		};
		623BFD9B2F8004AA005C83AD /* Release */ = {
			isa = XCBuildConfiguration;
			buildSettings = {
				CODE_SIGN_STYLE = Automatic;
				CURRENT_PROJECT_VERSION = 1;
				GENERATE_INFOPLIST_FILE = YES;
				MARKETING_VERSION = 1.0;
				PRODUCT_BUNDLE_IDENTIFIER = PT.BloomUITests;
				PRODUCT_NAME = "$(TARGET_NAME)";
				SWIFT_EMIT_LOC_STRINGS = NO;
				SWIFT_VERSION = 5.0;
				TARGETED_DEVICE_FAMILY = "1,2";
				TEST_TARGET_NAME = Bloom;
			};
			name = Release;
		};
/* End XCBuildConfiguration section */

/* Begin XCConfigurationList section */
		623BFD6A2F8004A9005C83AD /* Build configuration list for PBXProject "Bloom" */ = {
			isa = XCConfigurationList;
			buildConfigurations = (
				623BFD912F8004AA005C83AD /* Debug */,
				623BFD922F8004AA005C83AD /* Release */,
			);
			defaultConfigurationIsVisible = 0;
			defaultConfigurationName = Release;
		};
		623BFD932F8004AA005C83AD /* Build configuration list for PBXNativeTarget "Bloom" */ = {
			isa = XCConfigurationList;
			buildConfigurations = (
				623BFD942F8004AA005C83AD /* Debug */,
				623BFD952F8004AA005C83AD /* Release */,
			);
			defaultConfigurationIsVisible = 0;
			defaultConfigurationName = Release;
		};
		623BFD962F8004AA005C83AD /* Build configuration list for PBXNativeTarget "BloomTests" */ = {
			isa = XCConfigurationList;
			buildConfigurations = (
				623BFD972F8004AA005C83AD /* Debug */,
				623BFD982F8004AA005C83AD /* Release */,
			);
			defaultConfigurationIsVisible = 0;
			defaultConfigurationName = Release;
		};
		623BFD992F8004AA005C83AD /* Build configuration list for PBXNativeTarget "BloomUITests" */ = {
			isa = XCConfigurationList;
			buildConfigurations = (
				623BFD9A2F8004AA005C83AD /* Debug */,
				623BFD9B2F8004AA005C83AD /* Release */,
			);
			defaultConfigurationIsVisible = 0;
			defaultConfigurationName = Release;
		};
/* End XCConfigurationList section */

/* Begin XCRemoteSwiftPackageReference section */
		623BFDF52F874BAE005C83AD /* XCRemoteSwiftPackageReference "firebase-ios-sdk" */ = {
			isa = XCRemoteSwiftPackageReference;
			repositoryURL = "https://github.com/firebase/firebase-ios-sdk";
			requirement = {
				kind = upToNextMajorVersion;
				minimumVersion = 12.12.0;
			};
		};
/* End XCRemoteSwiftPackageReference section */

/* Begin XCSwiftPackageProductDependency section */
		623BFDF62F874BAE005C83AD /* FirebaseAuth */ = {
			isa = XCSwiftPackageProductDependency;
			package = 623BFDF52F874BAE005C83AD /* XCRemoteSwiftPackageReference "firebase-ios-sdk" */;
			productName = FirebaseAuth;
		};
		623BFDF82F874BAE005C83AD /* FirebaseFirestore */ = {
			isa = XCSwiftPackageProductDependency;
			package = 623BFDF52F874BAE005C83AD /* XCRemoteSwiftPackageReference "firebase-ios-sdk" */;
			productName = FirebaseFirestore;
		};
/* End XCSwiftPackageProductDependency section */
	};
	rootObject = 623BFD672F8004A9005C83AD /* Project object */;
}
